
Microsoft Visual Studio Solution File, Format Version 12.00
Project("{FAE04EC0-301F-11D3-BF4B-00C04F79EFBC}") = "BDDwithSpecflow", "BDDwithSpecflow.csproj", "{404EC074-6DC6-44E1-A470-869785649193}"
EndProject
Global
	GlobalSection(SolutionConfigurationPlatforms) = preSolution
		Debug|Any CPU = Debug|Any CPU
		Release|Any CPU = Release|Any CPU
	EndGlobalSection
	GlobalSection(ProjectConfigurationPlatforms) = postSolution
		{404EC074-6DC6-44E1-A470-869785649193}.Debug|Any CPU.ActiveCfg = Debug|Any CPU
		{404EC074-6DC6-44E1-A470-869785649193}.Debug|Any CPU.Build.0 = Debug|Any CPU
		{404EC074-6DC6-44E1-A470-869785649193}.Release|Any CPU.ActiveCfg = Release|Any CPU
		{404EC074-6DC6-44E1-A470-869785649193}.Release|Any CPU.Build.0 = Release|Any CPU
	EndGlobalSection
EndGlobal
